// !$*UTF8*$!
{
	archiveVersion = 1;
	classes = {
	};
	objectVersion = 50;
	objects = {

/* Begin PBXCopyFilesBuildPhase section */
		56F95B0D26B1D7AC00004E2E /* CopyFiles */ = {
			isa = PBXCopyFilesBuildPhase;
			buildActionMask = 2147483647;
			dstPath = /usr/share/man/man1/;
			dstSubfolderSpec = 0;
			files = (
			);
			runOnlyForDeploymentPostprocessing = 1;
		};
/* End PBXCopyFilesBuildPhase section */

/* Begin PBXFileReference section */
		5604DA52270EDF98002B204C /* BOJ-10026.swift */ = {isa = PBXFileReference; lastKnownFileType = sourcecode.swift; path = "BOJ-10026.swift"; sourceTree = "<group>"; };
		5604DA5427102560002B204C /* BOJ-5014.swift */ = {isa = PBXFileReference; lastKnownFileType = sourcecode.swift; path = "BOJ-5014.swift"; sourceTree = "<group>"; };
		560BAD5F270C3F6400FF75A2 /* BOJ-4179-2.swift */ = {isa = PBXFileReference; lastKnownFileType = sourcecode.swift; path = "BOJ-4179-2.swift"; sourceTree = "<group>"; };
		560BAD61270C451000FF75A2 /* BOJ-1697.swift */ = {isa = PBXFileReference; lastKnownFileType = sourcecode.swift; path = "BOJ-1697.swift"; sourceTree = "<group>"; };
		560BAD63270DE32000FF75A2 /* BOJ-7562.swift */ = {isa = PBXFileReference; lastKnownFileType = sourcecode.swift; path = "BOJ-7562.swift"; sourceTree = "<group>"; };
		561D778026F3AB620028DBCA /* BOJ-1003.swift */ = {isa = PBXFileReference; lastKnownFileType = sourcecode.swift; path = "BOJ-1003.swift"; sourceTree = "<group>"; };
		562EDF7226F4E749002F7B2B /* BOJ-1463.swift */ = {isa = PBXFileReference; lastKnownFileType = sourcecode.swift; path = "BOJ-1463.swift"; sourceTree = "<group>"; };
		562EDF7526F4EBA0002F7B2B /* BOJ-9095.swift */ = {isa = PBXFileReference; lastKnownFileType = sourcecode.swift; path = "BOJ-9095.swift"; sourceTree = "<group>"; };
		563A275D26D4D3BE0058B8F1 /* PRG-17682.swift */ = {isa = PBXFileReference; lastKnownFileType = sourcecode.swift; path = "PRG-17682.swift"; sourceTree = "<group>"; };
		563AEDB726EFB4C600959B63 /* BOJ-2606.swift */ = {isa = PBXFileReference; lastKnownFileType = sourcecode.swift; path = "BOJ-2606.swift"; sourceTree = "<group>"; };
		563AEDB926EFB8AC00959B63 /* BOJ-1246.swift */ = {isa = PBXFileReference; lastKnownFileType = sourcecode.swift; path = "BOJ-1246.swift"; sourceTree = "<group>"; };
		5658FC6F26E39EE80067C04B /* BOJ-15652.swift */ = {isa = PBXFileReference; lastKnownFileType = sourcecode.swift; path = "BOJ-15652.swift"; sourceTree = "<group>"; };
		5658FC7126E3AEC00067C04B /* BOJ-9663.swift */ = {isa = PBXFileReference; lastKnownFileType = sourcecode.swift; path = "BOJ-9663.swift"; sourceTree = "<group>"; };
		565A1EF92701B465000CAB1B /* BOJ-1149.swift */ = {isa = PBXFileReference; lastKnownFileType = sourcecode.swift; path = "BOJ-1149.swift"; sourceTree = "<group>"; };
		565A1EFB2701BFCC000CAB1B /* BOJ-9184.swift */ = {isa = PBXFileReference; lastKnownFileType = sourcecode.swift; path = "BOJ-9184.swift"; sourceTree = "<group>"; };
		565A1EFD27033BD8000CAB1B /* BOJ-1904.swift */ = {isa = PBXFileReference; lastKnownFileType = sourcecode.swift; path = "BOJ-1904.swift"; sourceTree = "<group>"; };
		565A1EFF2703683D000CAB1B /* BOJ-11726.swift */ = {isa = PBXFileReference; lastKnownFileType = sourcecode.swift; path = "BOJ-11726.swift"; sourceTree = "<group>"; };
		565A1F0C2705FDBA000CAB1B /* BOJ-11659.swift */ = {isa = PBXFileReference; lastKnownFileType = sourcecode.swift; path = "BOJ-11659.swift"; sourceTree = "<group>"; };
		565A1F0E2706021F000CAB1B /* BOJ-12852.swift */ = {isa = PBXFileReference; lastKnownFileType = sourcecode.swift; path = "BOJ-12852.swift"; sourceTree = "<group>"; };
		565A1F102706163C000CAB1B /* BOJ-12852-2.swift */ = {isa = PBXFileReference; lastKnownFileType = sourcecode.swift; path = "BOJ-12852-2.swift"; sourceTree = "<group>"; };
		565F13D927076D77004243CF /* BOJ-2156.swift */ = {isa = PBXFileReference; lastKnownFileType = sourcecode.swift; path = "BOJ-2156.swift"; sourceTree = "<group>"; };
		565F13DB2709FEE7004243CF /* BOJ-1012.swift */ = {isa = PBXFileReference; lastKnownFileType = sourcecode.swift; path = "BOJ-1012.swift"; sourceTree = "<group>"; };
		565F13DD270A0D8A004243CF /* BOJ-1926-two-stack-queue.swift */ = {isa = PBXFileReference; lastKnownFileType = sourcecode.swift; path = "BOJ-1926-two-stack-queue.swift"; sourceTree = "<group>"; };
		565F13DF270B511A004243CF /* BOJ-1926-head-pointer.swift */ = {isa = PBXFileReference; lastKnownFileType = sourcecode.swift; path = "BOJ-1926-head-pointer.swift"; sourceTree = "<group>"; };
		565F13E1270C1E9B004243CF /* BOJ-2178.swift */ = {isa = PBXFileReference; lastKnownFileType = sourcecode.swift; path = "BOJ-2178.swift"; sourceTree = "<group>"; };
		565F13E3270C249A004243CF /* BOJ-7576.swift */ = {isa = PBXFileReference; lastKnownFileType = sourcecode.swift; path = "BOJ-7576.swift"; sourceTree = "<group>"; };
		565F13E5270C2DC3004243CF /* BOJ-4179-1.swift */ = {isa = PBXFileReference; lastKnownFileType = sourcecode.swift; path = "BOJ-4179-1.swift"; sourceTree = "<group>"; };
		5666B5CE26E762E0005D5A6E /* BOJ-1182.swift */ = {isa = PBXFileReference; fileEncoding = 4; lastKnownFileType = sourcecode.swift; path = "BOJ-1182.swift"; sourceTree = "<group>"; };
		567EBC4226ED0AF900F9E982 /* BOJ-14889.swift */ = {isa = PBXFileReference; lastKnownFileType = sourcecode.swift; path = "BOJ-14889.swift"; sourceTree = "<group>"; };
		569146F826C925DB00C93A60 /* PRG-12921.swift */ = {isa = PBXFileReference; lastKnownFileType = sourcecode.swift; path = "PRG-12921.swift"; sourceTree = "<group>"; };
		569146FA26CE58BB00C93A60 /* PRG-12926.swift */ = {isa = PBXFileReference; lastKnownFileType = sourcecode.swift; path = "PRG-12926.swift"; sourceTree = "<group>"; };
		5699FF3926E9385F008B5AA3 /* BOJ-14888.swift */ = {isa = PBXFileReference; lastKnownFileType = sourcecode.swift; name = "BOJ-14888.swift"; path = "../../BOJ-14888.swift"; sourceTree = "<group>"; };
		569B1B3F26D77D650099A0AF /* PRG-12982.swift */ = {isa = PBXFileReference; lastKnownFileType = sourcecode.swift; path = "PRG-12982.swift"; sourceTree = "<group>"; };
		569B1B4126D788080099A0AF /* PRG-77884.swift */ = {isa = PBXFileReference; lastKnownFileType = sourcecode.swift; path = "PRG-77884.swift"; sourceTree = "<group>"; };
		569BB5FB26F76F2D001B4ED2 /* BOJ-2579.swift */ = {isa = PBXFileReference; lastKnownFileType = sourcecode.swift; path = "BOJ-2579.swift"; sourceTree = "<group>"; };
		569CD67126D91F570028E5CC /* BOJ-2504.swift */ = {isa = PBXFileReference; lastKnownFileType = sourcecode.swift; path = "BOJ-2504.swift"; sourceTree = "<group>"; };
		569CD67326DA83200028E5CC /* BOJ-14719.swift */ = {isa = PBXFileReference; lastKnownFileType = sourcecode.swift; path = "BOJ-14719.swift"; sourceTree = "<group>"; };
		56A375CE2722F7AF00B47B6D /* BOJ-10844.swift */ = {isa = PBXFileReference; lastKnownFileType = sourcecode.swift; path = "BOJ-10844.swift"; sourceTree = "<group>"; };
		56A9210D26DF56BF00C154B5 /* BOJ-15649.swift */ = {isa = PBXFileReference; lastKnownFileType = sourcecode.swift; path = "BOJ-15649.swift"; sourceTree = "<group>"; };
		56A9211326E129FC00C154B5 /* BOJ-15649-2.swift */ = {isa = PBXFileReference; lastKnownFileType = sourcecode.swift; path = "BOJ-15649-2.swift"; sourceTree = "<group>"; };
		56A9211526E12F9300C154B5 /* BOJ-15650.swift */ = {isa = PBXFileReference; lastKnownFileType = sourcecode.swift; path = "BOJ-15650.swift"; sourceTree = "<group>"; };
		56A9211726E1328000C154B5 /* BOJ-15651.swift */ = {isa = PBXFileReference; lastKnownFileType = sourcecode.swift; path = "BOJ-15651.swift"; sourceTree = "<group>"; };
		56B7AA6A26D7E96000B5B17A /* BOJ-14888.swift */ = {isa = PBXFileReference; lastKnownFileType = sourcecode.swift; path = "BOJ-14888.swift"; sourceTree = "<group>"; };
		56F95B0F26B1D7AC00004E2E /* DoNotCry */ = {isa = PBXFileReference; explicitFileType = "compiled.mach-o.executable"; includeInIndex = 0; path = DoNotCry; sourceTree = BUILT_PRODUCTS_DIR; };
		56F95B1226B1D7AC00004E2E /* BOJ-1008.swift */ = {isa = PBXFileReference; lastKnownFileType = sourcecode.swift; path = "BOJ-1008.swift"; sourceTree = "<group>"; };
		56F95B2526B4745200004E2E /* BOJ-1330.swift */ = {isa = PBXFileReference; lastKnownFileType = sourcecode.swift; path = "BOJ-1330.swift"; sourceTree = "<group>"; };
		56F95B2726B5B21F00004E2E /* BOJ-2562.swift */ = {isa = PBXFileReference; lastKnownFileType = sourcecode.swift; path = "BOJ-2562.swift"; sourceTree = "<group>"; };
		56F95B2D26B5BFC500004E2E /* BOJ-2675.swift */ = {isa = PBXFileReference; lastKnownFileType = sourcecode.swift; path = "BOJ-2675.swift"; sourceTree = "<group>"; };
		56F95B3126B5C3DB00004E2E /* BOJ-2920.swift */ = {isa = PBXFileReference; lastKnownFileType = sourcecode.swift; path = "BOJ-2920.swift"; sourceTree = "<group>"; };
		56F95B3326B5C5E100004E2E /* DoNotCry-Bridging-Header.h */ = {isa = PBXFileReference; lastKnownFileType = sourcecode.c.h; path = "DoNotCry-Bridging-Header.h"; sourceTree = "<group>"; };
		56F95B3426B5C5E100004E2E /* BOJ-8958.swift */ = {isa = PBXFileReference; lastKnownFileType = sourcecode.swift; path = "BOJ-8958.swift"; sourceTree = "<group>"; };
		56F95B3626B5C91A00004E2E /* BOJ-10818.swift */ = {isa = PBXFileReference; lastKnownFileType = sourcecode.swift; path = "BOJ-10818.swift"; sourceTree = "<group>"; };
		56F95B3826B5CBAA00004E2E /* BOJ-10952.swift */ = {isa = PBXFileReference; lastKnownFileType = sourcecode.swift; path = "BOJ-10952.swift"; sourceTree = "<group>"; };
		56F95B3A26B5CCD500004E2E /* BOJ-11654.swift */ = {isa = PBXFileReference; lastKnownFileType = sourcecode.swift; path = "BOJ-11654.swift"; sourceTree = "<group>"; };
		56F95B3C26B5CEB000004E2E /* BOJ-11720.swift */ = {isa = PBXFileReference; lastKnownFileType = sourcecode.swift; path = "BOJ-11720.swift"; sourceTree = "<group>"; };
		56FA42E126C26E4100B8F862 /* PRG-12950.swift */ = {isa = PBXFileReference; lastKnownFileType = sourcecode.swift; path = "PRG-12950.swift"; sourceTree = "<group>"; };
		56FFA17926BC380700EE59A4 /* PRG-72410.swift */ = {isa = PBXFileReference; lastKnownFileType = sourcecode.swift; path = "PRG-72410.swift"; sourceTree = "<group>"; };
/* End PBXFileReference section */

/* Begin PBXFrameworksBuildPhase section */
		56F95B0C26B1D7AC00004E2E /* Frameworks */ = {
			isa = PBXFrameworksBuildPhase;
			buildActionMask = 2147483647;
			files = (
			);
			runOnlyForDeploymentPostprocessing = 0;
		};
/* End PBXFrameworksBuildPhase section */

/* Begin PBXGroup section */
		56F95B0626B1D7AC00004E2E = {
			isa = PBXGroup;
			children = (
				56F95B1126B1D7AC00004E2E /* DoNotCry */,
			);
			sourceTree = "<group>";
		};
		56F95B1026B1D7AC00004E2E /* Products */ = {
			isa = PBXGroup;
			children = (
				56F95B0F26B1D7AC00004E2E /* DoNotCry */,
			);
			name = Products;
			path = ..;
			sourceTree = "<group>";
		};
		56F95B1126B1D7AC00004E2E /* DoNotCry */ = {
			isa = PBXGroup;
			children = (
				56F95B3326B5C5E100004E2E /* DoNotCry-Bridging-Header.h */,
				56F95B2426B46E9000004E2E /* BOJ */,
				56F95B2326B46E8C00004E2E /* PRG */,
				56F95B1026B1D7AC00004E2E /* Products */,
			);
			path = DoNotCry;
			sourceTree = "<group>";
		};
		56F95B2326B46E8C00004E2E /* PRG */ = {
			isa = PBXGroup;
			children = (
				569146FA26CE58BB00C93A60 /* PRG-12926.swift */,
				56FA42E126C26E4100B8F862 /* PRG-12950.swift */,
				569146F826C925DB00C93A60 /* PRG-12921.swift */,
				56FFA17926BC380700EE59A4 /* PRG-72410.swift */,
				563A275D26D4D3BE0058B8F1 /* PRG-17682.swift */,
				569B1B3F26D77D650099A0AF /* PRG-12982.swift */,
				569B1B4126D788080099A0AF /* PRG-77884.swift */,
			);
			path = PRG;
			sourceTree = "<group>";
		};
		56F95B2426B46E9000004E2E /* BOJ */ = {
			isa = PBXGroup;
			children = (
				56A375CE2722F7AF00B47B6D /* BOJ-10844.swift */,
				5604DA5427102560002B204C /* BOJ-5014.swift */,
				5604DA52270EDF98002B204C /* BOJ-10026.swift */,
				560BAD63270DE32000FF75A2 /* BOJ-7562.swift */,
				560BAD61270C451000FF75A2 /* BOJ-1697.swift */,
				565F13E5270C2DC3004243CF /* BOJ-4179-1.swift */,
				560BAD5F270C3F6400FF75A2 /* BOJ-4179-2.swift */,
				565F13E3270C249A004243CF /* BOJ-7576.swift */,
				565F13E1270C1E9B004243CF /* BOJ-2178.swift */,
				565F13DF270B511A004243CF /* BOJ-1926-head-pointer.swift */,
				565F13DD270A0D8A004243CF /* BOJ-1926-two-stack-queue.swift */,
				565F13DB2709FEE7004243CF /* BOJ-1012.swift */,
				565F13D927076D77004243CF /* BOJ-2156.swift */,
				565A1F102706163C000CAB1B /* BOJ-12852-2.swift */,
				565A1F0E2706021F000CAB1B /* BOJ-12852.swift */,
				565A1F0C2705FDBA000CAB1B /* BOJ-11659.swift */,
				565A1EFF2703683D000CAB1B /* BOJ-11726.swift */,
				565A1EFD27033BD8000CAB1B /* BOJ-1904.swift */,
				565A1EFB2701BFCC000CAB1B /* BOJ-9184.swift */,
				565A1EF92701B465000CAB1B /* BOJ-1149.swift */,
				569BB5FB26F76F2D001B4ED2 /* BOJ-2579.swift */,
				562EDF7526F4EBA0002F7B2B /* BOJ-9095.swift */,
				562EDF7226F4E749002F7B2B /* BOJ-1463.swift */,
				561D778026F3AB620028DBCA /* BOJ-1003.swift */,
				563AEDB926EFB8AC00959B63 /* BOJ-1246.swift */,
				563AEDB726EFB4C600959B63 /* BOJ-2606.swift */,
				567EBC4226ED0AF900F9E982 /* BOJ-14889.swift */,
				5699FF3926E9385F008B5AA3 /* BOJ-14888.swift */,
				5666B5CE26E762E0005D5A6E /* BOJ-1182.swift */,
				5658FC7126E3AEC00067C04B /* BOJ-9663.swift */,
				5658FC6F26E39EE80067C04B /* BOJ-15652.swift */,
				56A9211726E1328000C154B5 /* BOJ-15651.swift */,
				56A9211326E129FC00C154B5 /* BOJ-15649-2.swift */,
				56A9210D26DF56BF00C154B5 /* BOJ-15649.swift */,
				56B7AA6A26D7E96000B5B17A /* BOJ-14888.swift */,
				56F95B3C26B5CEB000004E2E /* BOJ-11720.swift */,
				56F95B3A26B5CCD500004E2E /* BOJ-11654.swift */,
				56F95B3826B5CBAA00004E2E /* BOJ-10952.swift */,
				56F95B3626B5C91A00004E2E /* BOJ-10818.swift */,
				56F95B3426B5C5E100004E2E /* BOJ-8958.swift */,
				56F95B1226B1D7AC00004E2E /* BOJ-1008.swift */,
				56F95B2526B4745200004E2E /* BOJ-1330.swift */,
				56F95B2726B5B21F00004E2E /* BOJ-2562.swift */,
				56F95B2D26B5BFC500004E2E /* BOJ-2675.swift */,
				56F95B3126B5C3DB00004E2E /* BOJ-2920.swift */,
				569CD67126D91F570028E5CC /* BOJ-2504.swift */,
				569CD67326DA83200028E5CC /* BOJ-14719.swift */,
				56A9211526E12F9300C154B5 /* BOJ-15650.swift */,
			);
			path = BOJ;
			sourceTree = "<group>";
		};
/* End PBXGroup section */

/* Begin PBXNativeTarget section */
		56F95B0E26B1D7AC00004E2E /* DoNotCry */ = {
			isa = PBXNativeTarget;
			buildConfigurationList = 56F95B1626B1D7AC00004E2E /* Build configuration list for PBXNativeTarget "DoNotCry" */;
			buildPhases = (
				56F95B0B26B1D7AC00004E2E /* Sources */,
				56F95B0C26B1D7AC00004E2E /* Frameworks */,
				56F95B0D26B1D7AC00004E2E /* CopyFiles */,
			);
			buildRules = (
			);
			dependencies = (
			);
			name = DoNotCry;
			productName = DoNotCry;
			productReference = 56F95B0F26B1D7AC00004E2E /* DoNotCry */;
			productType = "com.apple.product-type.tool";
		};
/* End PBXNativeTarget section */

/* Begin PBXProject section */
		56F95B0726B1D7AC00004E2E /* Project object */ = {
			isa = PBXProject;
			attributes = {
				LastSwiftUpdateCheck = 1250;
				LastUpgradeCheck = 1250;
				TargetAttributes = {
					56F95B0E26B1D7AC00004E2E = {
						CreatedOnToolsVersion = 12.5.1;
						LastSwiftMigration = 1250;
					};
				};
			};
			buildConfigurationList = 56F95B0A26B1D7AC00004E2E /* Build configuration list for PBXProject "DoNotCry" */;
			compatibilityVersion = "Xcode 9.3";
			developmentRegion = en;
			hasScannedForEncodings = 0;
			knownRegions = (
				en,
				Base,
			);
			mainGroup = 56F95B0626B1D7AC00004E2E;
			productRefGroup = 56F95B1026B1D7AC00004E2E /* Products */;
			projectDirPath = "";
			projectRoot = "";
			targets = (
				56F95B0E26B1D7AC00004E2E /* DoNotCry */,
			);
		};
/* End PBXProject section */

/* Begin PBXSourcesBuildPhase section */
		56F95B0B26B1D7AC00004E2E /* Sources */ = {
			isa = PBXSourcesBuildPhase;
			buildActionMask = 2147483647;
			files = (
			);
			runOnlyForDeploymentPostprocessing = 0;
		};
/* End PBXSourcesBuildPhase section */

/* Begin XCBuildConfiguration section */
		56F95B1426B1D7AC00004E2E /* Debug */ = {
			isa = XCBuildConfiguration;
			buildSettings = {
				ALWAYS_SEARCH_USER_PATHS = NO;
				CLANG_ANALYZER_NONNULL = YES;
				CLANG_ANALYZER_NUMBER_OBJECT_CONVERSION = YES_AGGRESSIVE;
				CLANG_CXX_LANGUAGE_STANDARD = "gnu++14";
				CLANG_CXX_LIBRARY = "libc++";
				CLANG_ENABLE_MODULES = YES;
				CLANG_ENABLE_OBJC_ARC = YES;
				CLANG_ENABLE_OBJC_WEAK = YES;
				CLANG_WARN_BLOCK_CAPTURE_AUTORELEASING = YES;
				CLANG_WARN_BOOL_CONVERSION = YES;
				CLANG_WARN_COMMA = YES;
				CLANG_WARN_CONSTANT_CONVERSION = YES;
				CLANG_WARN_DEPRECATED_OBJC_IMPLEMENTATIONS = YES;
				CLANG_WARN_DIRECT_OBJC_ISA_USAGE = YES_ERROR;
				CLANG_WARN_DOCUMENTATION_COMMENTS = YES;
				CLANG_WARN_EMPTY_BODY = YES;
				CLANG_WARN_ENUM_CONVERSION = YES;
				CLANG_WARN_INFINITE_RECURSION = YES;
				CLANG_WARN_INT_CONVERSION = YES;
				CLANG_WARN_NON_LITERAL_NULL_CONVERSION = YES;
				CLANG_WARN_OBJC_IMPLICIT_RETAIN_SELF = YES;
				CLANG_WARN_OBJC_LITERAL_CONVERSION = YES;
				CLANG_WARN_OBJC_ROOT_CLASS = YES_ERROR;
				CLANG_WARN_QUOTED_INCLUDE_IN_FRAMEWORK_HEADER = YES;
				CLANG_WARN_RANGE_LOOP_ANALYSIS = YES;
				CLANG_WARN_STRICT_PROTOTYPES = YES;
				CLANG_WARN_SUSPICIOUS_MOVE = YES;
				CLANG_WARN_UNGUARDED_AVAILABILITY = YES_AGGRESSIVE;
				CLANG_WARN_UNREACHABLE_CODE = YES;
				CLANG_WARN__DUPLICATE_METHOD_MATCH = YES;
				COPY_PHASE_STRIP = NO;
				DEBUG_INFORMATION_FORMAT = dwarf;
				ENABLE_STRICT_OBJC_MSGSEND = YES;
				ENABLE_TESTABILITY = YES;
				GCC_C_LANGUAGE_STANDARD = gnu11;
				GCC_DYNAMIC_NO_PIC = NO;
				GCC_NO_COMMON_BLOCKS = YES;
				GCC_OPTIMIZATION_LEVEL = 0;
				GCC_PREPROCESSOR_DEFINITIONS = (
					"DEBUG=1",
					"$(inherited)",
				);
				GCC_WARN_64_TO_32_BIT_CONVERSION = YES;
				GCC_WARN_ABOUT_RETURN_TYPE = YES_ERROR;
				GCC_WARN_UNDECLARED_SELECTOR = YES;
				GCC_WARN_UNINITIALIZED_AUTOS = YES_AGGRESSIVE;
				GCC_WARN_UNUSED_FUNCTION = YES;
				GCC_WARN_UNUSED_VARIABLE = YES;
				MACOSX_DEPLOYMENT_TARGET = 11.3;
				MTL_ENABLE_DEBUG_INFO = INCLUDE_SOURCE;
				MTL_FAST_MATH = YES;
				ONLY_ACTIVE_ARCH = YES;
				SDKROOT = macosx;
				SWIFT_ACTIVE_COMPILATION_CONDITIONS = DEBUG;
				SWIFT_OPTIMIZATION_LEVEL = "-Onone";
			};
			name = Debug;
		};
		56F95B1526B1D7AC00004E2E /* Release */ = {
			isa = XCBuildConfiguration;
			buildSettings = {
				ALWAYS_SEARCH_USER_PATHS = NO;
				CLANG_ANALYZER_NONNULL = YES;
				CLANG_ANALYZER_NUMBER_OBJECT_CONVERSION = YES_AGGRESSIVE;
				CLANG_CXX_LANGUAGE_STANDARD = "gnu++14";
				CLANG_CXX_LIBRARY = "libc++";
				CLANG_ENABLE_MODULES = YES;
				CLANG_ENABLE_OBJC_ARC = YES;
				CLANG_ENABLE_OBJC_WEAK = YES;
				CLANG_WARN_BLOCK_CAPTURE_AUTORELEASING = YES;
				CLANG_WARN_BOOL_CONVERSION = YES;
				CLANG_WARN_COMMA = YES;
				CLANG_WARN_CONSTANT_CONVERSION = YES;
				CLANG_WARN_DEPRECATED_OBJC_IMPLEMENTATIONS = YES;
				CLANG_WARN_DIRECT_OBJC_ISA_USAGE = YES_ERROR;
				CLANG_WARN_DOCUMENTATION_COMMENTS = YES;
				CLANG_WARN_EMPTY_BODY = YES;
				CLANG_WARN_ENUM_CONVERSION = YES;
				CLANG_WARN_INFINITE_RECURSION = YES;
				CLANG_WARN_INT_CONVERSION = YES;
				CLANG_WARN_NON_LITERAL_NULL_CONVERSION = YES;
				CLANG_WARN_OBJC_IMPLICIT_RETAIN_SELF = YES;
				CLANG_WARN_OBJC_LITERAL_CONVERSION = YES;
				CLANG_WARN_OBJC_ROOT_CLASS = YES_ERROR;
				CLANG_WARN_QUOTED_INCLUDE_IN_FRAMEWORK_HEADER = YES;
				CLANG_WARN_RANGE_LOOP_ANALYSIS = YES;
				CLANG_WARN_STRICT_PROTOTYPES = YES;
				CLANG_WARN_SUSPICIOUS_MOVE = YES;
				CLANG_WARN_UNGUARDED_AVAILABILITY = YES_AGGRESSIVE;
				CLANG_WARN_UNREACHABLE_CODE = YES;
				CLANG_WARN__DUPLICATE_METHOD_MATCH = YES;
				COPY_PHASE_STRIP = NO;
				DEBUG_INFORMATION_FORMAT = "dwarf-with-dsym";
				ENABLE_NS_ASSERTIONS = NO;
				ENABLE_STRICT_OBJC_MSGSEND = YES;
				GCC_C_LANGUAGE_STANDARD = gnu11;
				GCC_NO_COMMON_BLOCKS = YES;
				GCC_WARN_64_TO_32_BIT_CONVERSION = YES;
				GCC_WARN_ABOUT_RETURN_TYPE = YES_ERROR;
				GCC_WARN_UNDECLARED_SELECTOR = YES;
				GCC_WARN_UNINITIALIZED_AUTOS = YES_AGGRESSIVE;
				GCC_WARN_UNUSED_FUNCTION = YES;
				GCC_WARN_UNUSED_VARIABLE = YES;
				MACOSX_DEPLOYMENT_TARGET = 11.3;
				MTL_ENABLE_DEBUG_INFO = NO;
				MTL_FAST_MATH = YES;
				SDKROOT = macosx;
				SWIFT_COMPILATION_MODE = wholemodule;
				SWIFT_OPTIMIZATION_LEVEL = "-O";
			};
			name = Release;
		};
		56F95B1726B1D7AC00004E2E /* Debug */ = {
			isa = XCBuildConfiguration;
			buildSettings = {
				CLANG_ENABLE_MODULES = YES;
				CODE_SIGN_STYLE = Automatic;
				DEVELOPMENT_TEAM = EQ7Z68Z2F2;
				ENABLE_HARDENED_RUNTIME = YES;
				LD_RUNPATH_SEARCH_PATHS = (
					"$(inherited)",
					"@executable_path/../Frameworks",
					"@loader_path/../Frameworks",
				);
				PRODUCT_NAME = "$(TARGET_NAME)";
				SWIFT_OBJC_BRIDGING_HEADER = "DoNotCry/DoNotCry-Bridging-Header.h";
				SWIFT_OPTIMIZATION_LEVEL = "-Onone";
				SWIFT_VERSION = 5.0;
			};
			name = Debug;
		};
		56F95B1826B1D7AC00004E2E /* Release */ = {
			isa = XCBuildConfiguration;
			buildSettings = {
				CLANG_ENABLE_MODULES = YES;
				CODE_SIGN_STYLE = Automatic;
				DEVELOPMENT_TEAM = EQ7Z68Z2F2;
				ENABLE_HARDENED_RUNTIME = YES;
				LD_RUNPATH_SEARCH_PATHS = (
					"$(inherited)",
					"@executable_path/../Frameworks",
					"@loader_path/../Frameworks",
				);
				PRODUCT_NAME = "$(TARGET_NAME)";
				SWIFT_OBJC_BRIDGING_HEADER = "DoNotCry/DoNotCry-Bridging-Header.h";
				SWIFT_VERSION = 5.0;
			};
			name = Release;
		};
/* End XCBuildConfiguration section */

/* Begin XCConfigurationList section */
		56F95B0A26B1D7AC00004E2E /* Build configuration list for PBXProject "DoNotCry" */ = {
			isa = XCConfigurationList;
			buildConfigurations = (
				56F95B1426B1D7AC00004E2E /* Debug */,
				56F95B1526B1D7AC00004E2E /* Release */,
			);
			defaultConfigurationIsVisible = 0;
			defaultConfigurationName = Release;
		};
		56F95B1626B1D7AC00004E2E /* Build configuration list for PBXNativeTarget "DoNotCry" */ = {
			isa = XCConfigurationList;
			buildConfigurations = (
				56F95B1726B1D7AC00004E2E /* Debug */,
				56F95B1826B1D7AC00004E2E /* Release */,
			);
			defaultConfigurationIsVisible = 0;
			defaultConfigurationName = Release;
		};
/* End XCConfigurationList section */
	};
	rootObject = 56F95B0726B1D7AC00004E2E /* Project object */;
}
